
Microsoft Visual Studio Solution File, Format Version 12.00
# Visual Studio 15
VisualStudioVersion = 15.0.28307.705
MinimumVisualStudioVersion = 10.0.40219.1
Project("{FAE04EC0-301F-11D3-BF4B-00C04F79EFBC}") = "QuickCopy", "QuickCopy\QuickCopy.csproj", "{A18B60E8-882A-4252-B10D-07E629CCB108}"
EndProject
Project("{2150E333-8FDC-42A3-9474-1A3956D46DE8}") = "General", "General", "{3397F26D-C9EB-42F0-AC6C-75C3EB13AB50}"
	ProjectSection(SolutionItems) = preProject
		clean.cmd = clean.cmd
		HISTORY.md = HISTORY.md
		README.md = README.md
		TODOs.md = TODOs.md
	EndProjectSection
EndProject
Project("{FAE04EC0-301F-11D3-BF4B-00C04F79EFBC}") = "QuickCopyTests", "QuickCopyTests\QuickCopyTests.csproj", "{82BC9292-4F74-47A4-8729-D467946B8B67}"
EndProject
Project("{54435603-DBB4-11D2-8724-00A0C9A8B90C}") = "QuickCopySetup-x64", "QuickCopySetup\QuickCopySetup-x64.vdproj", "{2938A994-C9B3-4978-84AD-05B92581D5ED}"
EndProject
Project("{54435603-DBB4-11D2-8724-00A0C9A8B90C}") = "QuickCopySetup-x86", "QuickCopySetup\QuickCopySetup-x86.vdproj", "{FD814EC5-4FB7-405E-8B9A-625589E0CDB2}"
EndProject
Project("{2150E333-8FDC-42A3-9474-1A3956D46DE8}") = "Setup", "Setup", "{8ACCDD99-3E15-47AB-AC9E-AEDCC59A2887}"
	ProjectSection(SolutionItems) = preProject
		QuickCopySetup\LICENSE.rtf = QuickCopySetup\LICENSE.rtf
		QuickCopySetup\README.md = QuickCopySetup\README.md
	EndProjectSection
EndProject
Global
	GlobalSection(SolutionConfigurationPlatforms) = preSolution
		Debug|x64 = Debug|x64
		Debug|x86 = Debug|x86
		Release|x64 = Release|x64
		Release|x86 = Release|x86
	EndGlobalSection
	GlobalSection(ProjectConfigurationPlatforms) = postSolution
		{A18B60E8-882A-4252-B10D-07E629CCB108}.Debug|x64.ActiveCfg = Debug|x64
		{A18B60E8-882A-4252-B10D-07E629CCB108}.Debug|x64.Build.0 = Debug|x64
		{A18B60E8-882A-4252-B10D-07E629CCB108}.Debug|x86.ActiveCfg = Debug|x86
		{A18B60E8-882A-4252-B10D-07E629CCB108}.Debug|x86.Build.0 = Debug|x86
		{A18B60E8-882A-4252-B10D-07E629CCB108}.Release|x64.ActiveCfg = Release|x64
		{A18B60E8-882A-4252-B10D-07E629CCB108}.Release|x64.Build.0 = Release|x64
		{A18B60E8-882A-4252-B10D-07E629CCB108}.Release|x86.ActiveCfg = Release|x86
		{A18B60E8-882A-4252-B10D-07E629CCB108}.Release|x86.Build.0 = Release|x86
		{82BC9292-4F74-47A4-8729-D467946B8B67}.Debug|x64.ActiveCfg = Debug|x64
		{82BC9292-4F74-47A4-8729-D467946B8B67}.Debug|x64.Build.0 = Debug|x64
		{82BC9292-4F74-47A4-8729-D467946B8B67}.Debug|x86.ActiveCfg = Debug|x86
		{82BC9292-4F74-47A4-8729-D467946B8B67}.Debug|x86.Build.0 = Debug|x86
		{82BC9292-4F74-47A4-8729-D467946B8B67}.Release|x64.ActiveCfg = Release|x64
		{82BC9292-4F74-47A4-8729-D467946B8B67}.Release|x64.Build.0 = Release|x64
		{82BC9292-4F74-47A4-8729-D467946B8B67}.Release|x86.ActiveCfg = Release|x86
		{82BC9292-4F74-47A4-8729-D467946B8B67}.Release|x86.Build.0 = Release|x86
		{2938A994-C9B3-4978-84AD-05B92581D5ED}.Debug|x64.ActiveCfg = Debug
		{2938A994-C9B3-4978-84AD-05B92581D5ED}.Debug|x86.ActiveCfg = Debug
		{2938A994-C9B3-4978-84AD-05B92581D5ED}.Release|x64.ActiveCfg = Release
		{2938A994-C9B3-4978-84AD-05B92581D5ED}.Release|x86.ActiveCfg = Release
		{FD814EC5-4FB7-405E-8B9A-625589E0CDB2}.Debug|x64.ActiveCfg = Debug
		{FD814EC5-4FB7-405E-8B9A-625589E0CDB2}.Debug|x86.ActiveCfg = Debug
		{FD814EC5-4FB7-405E-8B9A-625589E0CDB2}.Release|x64.ActiveCfg = Release
		{FD814EC5-4FB7-405E-8B9A-625589E0CDB2}.Release|x86.ActiveCfg = Release
	EndGlobalSection
	GlobalSection(SolutionProperties) = preSolution
		HideSolutionNode = FALSE
	EndGlobalSection
	GlobalSection(NestedProjects) = preSolution
		{8ACCDD99-3E15-47AB-AC9E-AEDCC59A2887} = {3397F26D-C9EB-42F0-AC6C-75C3EB13AB50}
	EndGlobalSection
	GlobalSection(ExtensibilityGlobals) = postSolution
		SolutionGuid = {8E8D690B-39E4-4B69-BF15-4970FE0188FE}
	EndGlobalSection
EndGlobal
